
Microsoft Visual Studio Solution File, Format Version 12.00
# Visual Studio Version 17
VisualStudioVersion = 17.12.35527.113 d17.12
MinimumVisualStudioVersion = 10.0.40219.1
Project("{FAE04EC0-301F-11D3-BF4B-00C04F79EFBC}") = "HallOfFame.API", "HallOfFame.API\HallOfFame.API.csproj", "{46A71B7F-923C-4493-8ACA-C123768E29A8}"
EndProject
Project("{FAE04EC0-301F-11D3-BF4B-00C04F79EFBC}") = "HallOfFame.Domain", "HallOfFame.Domain\HallOfFame.Domain.csproj", "{840A18FD-3CC6-4E99-B563-B92B98D23B58}"
EndProject
Project("{FAE04EC0-301F-11D3-BF4B-00C04F79EFBC}") = "HallOfFame.Application", "HallOfFame.Application\HallOfFame.Application.csproj", "{8A6B006B-BC18-49B5-80C1-14121C3640A5}"
EndProject
Project("{FAE04EC0-301F-11D3-BF4B-00C04F79EFBC}") = "HallOfFame.Infrastructure", "HallOfFame.Infrastructure\HallOfFame.Infrastructure.csproj", "{97B776D0-3434-4DD5-B128-BCD38A3AE6EC}"
EndProject
Global
	GlobalSection(SolutionConfigurationPlatforms) = preSolution
		Debug|Any CPU = Debug|Any CPU
		Release|Any CPU = Release|Any CPU
	EndGlobalSection
	GlobalSection(ProjectConfigurationPlatforms) = postSolution
		{46A71B7F-923C-4493-8ACA-C123768E29A8}.Debug|Any CPU.ActiveCfg = Debug|Any CPU
		{46A71B7F-923C-4493-8ACA-C123768E29A8}.Debug|Any CPU.Build.0 = Debug|Any CPU
		{46A71B7F-923C-4493-8ACA-C123768E29A8}.Release|Any CPU.ActiveCfg = Release|Any CPU
		{46A71B7F-923C-4493-8ACA-C123768E29A8}.Release|Any CPU.Build.0 = Release|Any CPU
		{840A18FD-3CC6-4E99-B563-B92B98D23B58}.Debug|Any CPU.ActiveCfg = Debug|Any CPU
		{840A18FD-3CC6-4E99-B563-B92B98D23B58}.Debug|Any CPU.Build.0 = Debug|Any CPU
		{840A18FD-3CC6-4E99-B563-B92B98D23B58}.Release|Any CPU.ActiveCfg = Release|Any CPU
		{840A18FD-3CC6-4E99-B563-B92B98D23B58}.Release|Any CPU.Build.0 = Release|Any CPU
		{8A6B006B-BC18-49B5-80C1-14121C3640A5}.Debug|Any CPU.ActiveCfg = Debug|Any CPU
		{8A6B006B-BC18-49B5-80C1-14121C3640A5}.Debug|Any CPU.Build.0 = Debug|Any CPU
		{8A6B006B-BC18-49B5-80C1-14121C3640A5}.Release|Any CPU.ActiveCfg = Release|Any CPU
		{8A6B006B-BC18-49B5-80C1-14121C3640A5}.Release|Any CPU.Build.0 = Release|Any CPU
		{97B776D0-3434-4DD5-B128-BCD38A3AE6EC}.Debug|Any CPU.ActiveCfg = Debug|Any CPU
		{97B776D0-3434-4DD5-B128-BCD38A3AE6EC}.Debug|Any CPU.Build.0 = Debug|Any CPU
		{97B776D0-3434-4DD5-B128-BCD38A3AE6EC}.Release|Any CPU.ActiveCfg = Release|Any CPU
		{97B776D0-3434-4DD5-B128-BCD38A3AE6EC}.Release|Any CPU.Build.0 = Release|Any CPU
	EndGlobalSection
	GlobalSection(SolutionProperties) = preSolution
		HideSolutionNode = FALSE
	EndGlobalSection
EndGlobal
